// !$*UTF8*$!
{
	archiveVersion = 1;
	classes = {
	};
	objectVersion = 56;
	objects = {

/* Begin PBXBuildFile section */
		F20EDF472BA2E2BB00D1F095 /* ScrumsView.swift in Sources */ = {isa = PBXBuildFile; fileRef = F20EDF462BA2E2BB00D1F095 /* ScrumsView.swift */; };
		F22F228C2BA1453F006F0B3E /* Theme.swift in Sources */ = {isa = PBXBuildFile; fileRef = F22F228B2BA1453F006F0B3E /* Theme.swift */; };
		F22F22902BA147AC006F0B3E /* DailyScrum.swift in Sources */ = {isa = PBXBuildFile; fileRef = F22F228F2BA147AC006F0B3E /* DailyScrum.swift */; };
		F22F22942BA14AE2006F0B3E /* CardView.swift in Sources */ = {isa = PBXBuildFile; fileRef = F22F22932BA14AE2006F0B3E /* CardView.swift */; };
		F23314142BBE448400C6A4B0 /* ThemeView.swift in Sources */ = {isa = PBXBuildFile; fileRef = F23314132BBE448400C6A4B0 /* ThemeView.swift */; };
		F23314162BBE472D00C6A4B0 /* ThemePicker.swift in Sources */ = {isa = PBXBuildFile; fileRef = F23314152BBE472D00C6A4B0 /* ThemePicker.swift */; };
		F26C17712BBFC97F00F6D1EE /* MeetingHeaderView.swift in Sources */ = {isa = PBXBuildFile; fileRef = F26C17702BBFC97F00F6D1EE /* MeetingHeaderView.swift */; };
		F26C17732BBFCF8800F6D1EE /* ScrumProgressViewStyle.swift in Sources */ = {isa = PBXBuildFile; fileRef = F26C17722BBFCF8800F6D1EE /* ScrumProgressViewStyle.swift */; };
		F26C17752BBFD0ED00F6D1EE /* ScrumTimer.swift in Sources */ = {isa = PBXBuildFile; fileRef = F26C17742BBFD0ED00F6D1EE /* ScrumTimer.swift */; };
		F28508102BA185AC00A2D337 /* TrailingIconLabelStyle.swift in Sources */ = {isa = PBXBuildFile; fileRef = F285080F2BA185AC00A2D337 /* TrailingIconLabelStyle.swift */; };
		F2DDE44E2BA13C9900F26E66 /* ScrumdiggerApp.swift in Sources */ = {isa = PBXBuildFile; fileRef = F2DDE44D2BA13C9900F26E66 /* ScrumdiggerApp.swift */; };
		F2DDE4502BA13C9900F26E66 /* MeetingView.swift in Sources */ = {isa = PBXBuildFile; fileRef = F2DDE44F2BA13C9900F26E66 /* MeetingView.swift */; };
		F2DDE4522BA13C9B00F26E66 /* Assets.xcassets in Resources */ = {isa = PBXBuildFile; fileRef = F2DDE4512BA13C9B00F26E66 /* Assets.xcassets */; };
		F2DDE4552BA13C9B00F26E66 /* Preview Assets.xcassets in Resources */ = {isa = PBXBuildFile; fileRef = F2DDE4542BA13C9B00F26E66 /* Preview Assets.xcassets */; };
		F2DDE45F2BA13C9B00F26E66 /* ScrumdiggerTests.swift in Sources */ = {isa = PBXBuildFile; fileRef = F2DDE45E2BA13C9B00F26E66 /* ScrumdiggerTests.swift */; };
		F2DDE4692BA13C9B00F26E66 /* ScrumdiggerUITests.swift in Sources */ = {isa = PBXBuildFile; fileRef = F2DDE4682BA13C9B00F26E66 /* ScrumdiggerUITests.swift */; };
		F2DDE46B2BA13C9B00F26E66 /* ScrumdiggerUITestsLaunchTests.swift in Sources */ = {isa = PBXBuildFile; fileRef = F2DDE46A2BA13C9B00F26E66 /* ScrumdiggerUITestsLaunchTests.swift */; };
		F2DE02592BA3ED9000616F0C /* DetailView.swift in Sources */ = {isa = PBXBuildFile; fileRef = F2DE02582BA3ED9000616F0C /* DetailView.swift */; };
		F2DE025B2BA4090E00616F0C /* DetailEditView.swift in Sources */ = {isa = PBXBuildFile; fileRef = F2DE025A2BA4090E00616F0C /* DetailEditView.swift */; };
/* End PBXBuildFile section */

/* Begin PBXContainerItemProxy section */
		F2DDE45B2BA13C9B00F26E66 /* PBXContainerItemProxy */ = {
			isa = PBXContainerItemProxy;
			containerPortal = F2DDE4422BA13C9900F26E66 /* Project object */;
			proxyType = 1;
			remoteGlobalIDString = F2DDE4492BA13C9900F26E66;
			remoteInfo = Scrumdigger;
		};
		F2DDE4652BA13C9B00F26E66 /* PBXContainerItemProxy */ = {
			isa = PBXContainerItemProxy;
			containerPortal = F2DDE4422BA13C9900F26E66 /* Project object */;
			proxyType = 1;
			remoteGlobalIDString = F2DDE4492BA13C9900F26E66;
			remoteInfo = Scrumdigger;
		};
/* End PBXContainerItemProxy section */

/* Begin PBXFileReference section */
		F20EDF462BA2E2BB00D1F095 /* ScrumsView.swift */ = {isa = PBXFileReference; lastKnownFileType = sourcecode.swift; path = ScrumsView.swift; sourceTree = "<group>"; };
		F22F228B2BA1453F006F0B3E /* Theme.swift */ = {isa = PBXFileReference; lastKnownFileType = sourcecode.swift; path = Theme.swift; sourceTree = "<group>"; };
		F22F228F2BA147AC006F0B3E /* DailyScrum.swift */ = {isa = PBXFileReference; lastKnownFileType = sourcecode.swift; path = DailyScrum.swift; sourceTree = "<group>"; };
		F22F22932BA14AE2006F0B3E /* CardView.swift */ = {isa = PBXFileReference; lastKnownFileType = sourcecode.swift; path = CardView.swift; sourceTree = "<group>"; };
		F23314132BBE448400C6A4B0 /* ThemeView.swift */ = {isa = PBXFileReference; lastKnownFileType = sourcecode.swift; path = ThemeView.swift; sourceTree = "<group>"; };
		F23314152BBE472D00C6A4B0 /* ThemePicker.swift */ = {isa = PBXFileReference; lastKnownFileType = sourcecode.swift; path = ThemePicker.swift; sourceTree = "<group>"; };
		F26C17702BBFC97F00F6D1EE /* MeetingHeaderView.swift */ = {isa = PBXFileReference; lastKnownFileType = sourcecode.swift; path = MeetingHeaderView.swift; sourceTree = "<group>"; };
		F26C17722BBFCF8800F6D1EE /* ScrumProgressViewStyle.swift */ = {isa = PBXFileReference; fileEncoding = 4; lastKnownFileType = sourcecode.swift; path = ScrumProgressViewStyle.swift; sourceTree = "<group>"; };
		F26C17742BBFD0ED00F6D1EE /* ScrumTimer.swift */ = {isa = PBXFileReference; fileEncoding = 4; lastKnownFileType = sourcecode.swift; path = ScrumTimer.swift; sourceTree = "<group>"; };
		F285080F2BA185AC00A2D337 /* TrailingIconLabelStyle.swift */ = {isa = PBXFileReference; lastKnownFileType = sourcecode.swift; path = TrailingIconLabelStyle.swift; sourceTree = "<group>"; };
		F2DDE44A2BA13C9900F26E66 /* Scrumdigger.app */ = {isa = PBXFileReference; explicitFileType = wrapper.application; includeInIndex = 0; path = Scrumdigger.app; sourceTree = BUILT_PRODUCTS_DIR; };
		F2DDE44D2BA13C9900F26E66 /* ScrumdiggerApp.swift */ = {isa = PBXFileReference; lastKnownFileType = sourcecode.swift; path = ScrumdiggerApp.swift; sourceTree = "<group>"; };
		F2DDE44F2BA13C9900F26E66 /* MeetingView.swift */ = {isa = PBXFileReference; lastKnownFileType = sourcecode.swift; path = MeetingView.swift; sourceTree = "<group>"; };
		F2DDE4512BA13C9B00F26E66 /* Assets.xcassets */ = {isa = PBXFileReference; lastKnownFileType = folder.assetcatalog; path = Assets.xcassets; sourceTree = "<group>"; };
		F2DDE4542BA13C9B00F26E66 /* Preview Assets.xcassets */ = {isa = PBXFileReference; lastKnownFileType = folder.assetcatalog; path = "Preview Assets.xcassets"; sourceTree = "<group>"; };
		F2DDE45A2BA13C9B00F26E66 /* ScrumdiggerTests.xctest */ = {isa = PBXFileReference; explicitFileType = wrapper.cfbundle; includeInIndex = 0; path = ScrumdiggerTests.xctest; sourceTree = BUILT_PRODUCTS_DIR; };
		F2DDE45E2BA13C9B00F26E66 /* ScrumdiggerTests.swift */ = {isa = PBXFileReference; lastKnownFileType = sourcecode.swift; path = ScrumdiggerTests.swift; sourceTree = "<group>"; };
		F2DDE4642BA13C9B00F26E66 /* ScrumdiggerUITests.xctest */ = {isa = PBXFileReference; explicitFileType = wrapper.cfbundle; includeInIndex = 0; path = ScrumdiggerUITests.xctest; sourceTree = BUILT_PRODUCTS_DIR; };
		F2DDE4682BA13C9B00F26E66 /* ScrumdiggerUITests.swift */ = {isa = PBXFileReference; lastKnownFileType = sourcecode.swift; path = ScrumdiggerUITests.swift; sourceTree = "<group>"; };
		F2DDE46A2BA13C9B00F26E66 /* ScrumdiggerUITestsLaunchTests.swift */ = {isa = PBXFileReference; lastKnownFileType = sourcecode.swift; path = ScrumdiggerUITestsLaunchTests.swift; sourceTree = "<group>"; };
		F2DE02582BA3ED9000616F0C /* DetailView.swift */ = {isa = PBXFileReference; lastKnownFileType = sourcecode.swift; path = DetailView.swift; sourceTree = "<group>"; };
		F2DE025A2BA4090E00616F0C /* DetailEditView.swift */ = {isa = PBXFileReference; lastKnownFileType = sourcecode.swift; path = DetailEditView.swift; sourceTree = "<group>"; };
/* End PBXFileReference section */

/* Begin PBXFrameworksBuildPhase section */
		F2DDE4472BA13C9900F26E66 /* Frameworks */ = {
			isa = PBXFrameworksBuildPhase;
			buildActionMask = 2147483647;
			files = (
			);
			runOnlyForDeploymentPostprocessing = 0;
		};
		F2DDE4572BA13C9B00F26E66 /* Frameworks */ = {
			isa = PBXFrameworksBuildPhase;
			buildActionMask = 2147483647;
			files = (
			);
			runOnlyForDeploymentPostprocessing = 0;
		};
		F2DDE4612BA13C9B00F26E66 /* Frameworks */ = {
			isa = PBXFrameworksBuildPhase;
			buildActionMask = 2147483647;
			files = (
			);
			runOnlyForDeploymentPostprocessing = 0;
		};
/* End PBXFrameworksBuildPhase section */

/* Begin PBXGroup section */
		F20EDF452BA2E27A00D1F095 /* Views */ = {
			isa = PBXGroup;
			children = (
				F26C17722BBFCF8800F6D1EE /* ScrumProgressViewStyle.swift */,
				F2DDE44F2BA13C9900F26E66 /* MeetingView.swift */,
				F22F22932BA14AE2006F0B3E /* CardView.swift */,
				F20EDF462BA2E2BB00D1F095 /* ScrumsView.swift */,
				F285080F2BA185AC00A2D337 /* TrailingIconLabelStyle.swift */,
				F2DE02582BA3ED9000616F0C /* DetailView.swift */,
				F2DE025A2BA4090E00616F0C /* DetailEditView.swift */,
				F23314132BBE448400C6A4B0 /* ThemeView.swift */,
				F23314152BBE472D00C6A4B0 /* ThemePicker.swift */,
				F26C17702BBFC97F00F6D1EE /* MeetingHeaderView.swift */,
			);
			path = Views;
			sourceTree = "<group>";
		};
		F22F228A2BA14511006F0B3E /* Models */ = {
			isa = PBXGroup;
			children = (
				F26C17742BBFD0ED00F6D1EE /* ScrumTimer.swift */,
				F22F228B2BA1453F006F0B3E /* Theme.swift */,
				F22F228F2BA147AC006F0B3E /* DailyScrum.swift */,
			);
			path = Models;
			sourceTree = "<group>";
		};
		F2DDE4412BA13C9900F26E66 = {
			isa = PBXGroup;
			children = (
				F2DDE44C2BA13C9900F26E66 /* Scrumdigger */,
				F2DDE45D2BA13C9B00F26E66 /* ScrumdiggerTests */,
				F2DDE4672BA13C9B00F26E66 /* ScrumdiggerUITests */,
				F2DDE44B2BA13C9900F26E66 /* Products */,
			);
			sourceTree = "<group>";
		};
		F2DDE44B2BA13C9900F26E66 /* Products */ = {
			isa = PBXGroup;
			children = (
				F2DDE44A2BA13C9900F26E66 /* Scrumdigger.app */,
				F2DDE45A2BA13C9B00F26E66 /* ScrumdiggerTests.xctest */,
				F2DDE4642BA13C9B00F26E66 /* ScrumdiggerUITests.xctest */,
			);
			name = Products;
			sourceTree = "<group>";
		};
		F2DDE44C2BA13C9900F26E66 /* Scrumdigger */ = {
			isa = PBXGroup;
			children = (
				F20EDF452BA2E27A00D1F095 /* Views */,
				F22F228A2BA14511006F0B3E /* Models */,
				F2DDE44D2BA13C9900F26E66 /* ScrumdiggerApp.swift */,
				F2DDE4512BA13C9B00F26E66 /* Assets.xcassets */,
				F2DDE4532BA13C9B00F26E66 /* Preview Content */,
			);
			path = Scrumdigger;
			sourceTree = "<group>";
		};
		F2DDE4532BA13C9B00F26E66 /* Preview Content */ = {
			isa = PBXGroup;
			children = (
				F2DDE4542BA13C9B00F26E66 /* Preview Assets.xcassets */,
			);
			path = "Preview Content";
			sourceTree = "<group>";
		};
		F2DDE45D2BA13C9B00F26E66 /* ScrumdiggerTests */ = {
			isa = PBXGroup;
			children = (
				F2DDE45E2BA13C9B00F26E66 /* ScrumdiggerTests.swift */,
			);
			path = ScrumdiggerTests;
			sourceTree = "<group>";
		};
		F2DDE4672BA13C9B00F26E66 /* ScrumdiggerUITests */ = {
			isa = PBXGroup;
			children = (
				F2DDE4682BA13C9B00F26E66 /* ScrumdiggerUITests.swift */,
				F2DDE46A2BA13C9B00F26E66 /* ScrumdiggerUITestsLaunchTests.swift */,
			);
			path = ScrumdiggerUITests;
			sourceTree = "<group>";
		};
/* End PBXGroup section */

/* Begin PBXNativeTarget section */
		F2DDE4492BA13C9900F26E66 /* Scrumdigger */ = {
			isa = PBXNativeTarget;
			buildConfigurationList = F2DDE46E2BA13C9B00F26E66 /* Build configuration list for PBXNativeTarget "Scrumdigger" */;
			buildPhases = (
				F2DDE4462BA13C9900F26E66 /* Sources */,
				F2DDE4472BA13C9900F26E66 /* Frameworks */,
				F2DDE4482BA13C9900F26E66 /* Resources */,
			);
			buildRules = (
			);
			dependencies = (
			);
			name = Scrumdigger;
			productName = Scrumdigger;
			productReference = F2DDE44A2BA13C9900F26E66 /* Scrumdigger.app */;
			productType = "com.apple.product-type.application";
		};
		F2DDE4592BA13C9B00F26E66 /* ScrumdiggerTests */ = {
			isa = PBXNativeTarget;
			buildConfigurationList = F2DDE4712BA13C9B00F26E66 /* Build configuration list for PBXNativeTarget "ScrumdiggerTests" */;
			buildPhases = (
				F2DDE4562BA13C9B00F26E66 /* Sources */,
				F2DDE4572BA13C9B00F26E66 /* Frameworks */,
				F2DDE4582BA13C9B00F26E66 /* Resources */,
			);
			buildRules = (
			);
			dependencies = (
				F2DDE45C2BA13C9B00F26E66 /* PBXTargetDependency */,
			);
			name = ScrumdiggerTests;
			productName = ScrumdiggerTests;
			productReference = F2DDE45A2BA13C9B00F26E66 /* ScrumdiggerTests.xctest */;
			productType = "com.apple.product-type.bundle.unit-test";
		};
		F2DDE4632BA13C9B00F26E66 /* ScrumdiggerUITests */ = {
			isa = PBXNativeTarget;
			buildConfigurationList = F2DDE4742BA13C9B00F26E66 /* Build configuration list for PBXNativeTarget "ScrumdiggerUITests" */;
			buildPhases = (
				F2DDE4602BA13C9B00F26E66 /* Sources */,
				F2DDE4612BA13C9B00F26E66 /* Frameworks */,
				F2DDE4622BA13C9B00F26E66 /* Resources */,
			);
			buildRules = (
			);
			dependencies = (
				F2DDE4662BA13C9B00F26E66 /* PBXTargetDependency */,
			);
			name = ScrumdiggerUITests;
			productName = ScrumdiggerUITests;
			productReference = F2DDE4642BA13C9B00F26E66 /* ScrumdiggerUITests.xctest */;
			productType = "com.apple.product-type.bundle.ui-testing";
		};
/* End PBXNativeTarget section */

/* Begin PBXProject section */
		F2DDE4422BA13C9900F26E66 /* Project object */ = {
			isa = PBXProject;
			attributes = {
				BuildIndependentTargetsInParallel = 1;
				LastSwiftUpdateCheck = 1510;
				LastUpgradeCheck = 1510;
				TargetAttributes = {
					F2DDE4492BA13C9900F26E66 = {
						CreatedOnToolsVersion = 15.1;
					};
					F2DDE4592BA13C9B00F26E66 = {
						CreatedOnToolsVersion = 15.1;
						TestTargetID = F2DDE4492BA13C9900F26E66;
					};
					F2DDE4632BA13C9B00F26E66 = {
						CreatedOnToolsVersion = 15.1;
						TestTargetID = F2DDE4492BA13C9900F26E66;
					};
				};
			};
			buildConfigurationList = F2DDE4452BA13C9900F26E66 /* Build configuration list for PBXProject "Scrumdigger" */;
			compatibilityVersion = "Xcode 14.0";
			developmentRegion = en;
			hasScannedForEncodings = 0;
			knownRegions = (
				en,
				Base,
			);
			mainGroup = F2DDE4412BA13C9900F26E66;
			productRefGroup = F2DDE44B2BA13C9900F26E66 /* Products */;
			projectDirPath = "";
			projectRoot = "";
			targets = (
				F2DDE4492BA13C9900F26E66 /* Scrumdigger */,
				F2DDE4592BA13C9B00F26E66 /* ScrumdiggerTests */,
				F2DDE4632BA13C9B00F26E66 /* ScrumdiggerUITests */,
			);
		};
/* End PBXProject section */

/* Begin PBXResourcesBuildPhase section */
		F2DDE4482BA13C9900F26E66 /* Resources */ = {
			isa = PBXResourcesBuildPhase;
			buildActionMask = 2147483647;
			files = (
				F2DDE4552BA13C9B00F26E66 /* Preview Assets.xcassets in Resources */,
				F2DDE4522BA13C9B00F26E66 /* Assets.xcassets in Resources */,
			);
			runOnlyForDeploymentPostprocessing = 0;
		};
		F2DDE4582BA13C9B00F26E66 /* Resources */ = {
			isa = PBXResourcesBuildPhase;
			buildActionMask = 2147483647;
			files = (
			);
			runOnlyForDeploymentPostprocessing = 0;
		};
		F2DDE4622BA13C9B00F26E66 /* Resources */ = {
			isa = PBXResourcesBuildPhase;
			buildActionMask = 2147483647;
			files = (
			);
			runOnlyForDeploymentPostprocessing = 0;
		};
/* End PBXResourcesBuildPhase section */

/* Begin PBXSourcesBuildPhase section */
		F2DDE4462BA13C9900F26E66 /* Sources */ = {
			isa = PBXSourcesBuildPhase;
			buildActionMask = 2147483647;
			files = (
				F23314162BBE472D00C6A4B0 /* ThemePicker.swift in Sources */,
				F26C17732BBFCF8800F6D1EE /* ScrumProgressViewStyle.swift in Sources */,
				F26C17752BBFD0ED00F6D1EE /* ScrumTimer.swift in Sources */,
				F22F22902BA147AC006F0B3E /* DailyScrum.swift in Sources */,
				F2DE02592BA3ED9000616F0C /* DetailView.swift in Sources */,
				F26C17712BBFC97F00F6D1EE /* MeetingHeaderView.swift in Sources */,
				F2DE025B2BA4090E00616F0C /* DetailEditView.swift in Sources */,
				F28508102BA185AC00A2D337 /* TrailingIconLabelStyle.swift in Sources */,
				F22F228C2BA1453F006F0B3E /* Theme.swift in Sources */,
				F20EDF472BA2E2BB00D1F095 /* ScrumsView.swift in Sources */,
				F2DDE4502BA13C9900F26E66 /* MeetingView.swift in Sources */,
				F2DDE44E2BA13C9900F26E66 /* ScrumdiggerApp.swift in Sources */,
				F23314142BBE448400C6A4B0 /* ThemeView.swift in Sources */,
				F22F22942BA14AE2006F0B3E /* CardView.swift in Sources */,
			);
			runOnlyForDeploymentPostprocessing = 0;
		};
		F2DDE4562BA13C9B00F26E66 /* Sources */ = {
			isa = PBXSourcesBuildPhase;
			buildActionMask = 2147483647;
			files = (
				F2DDE45F2BA13C9B00F26E66 /* ScrumdiggerTests.swift in Sources */,
			);
			runOnlyForDeploymentPostprocessing = 0;
		};
		F2DDE4602BA13C9B00F26E66 /* Sources */ = {
			isa = PBXSourcesBuildPhase;
			buildActionMask = 2147483647;
			files = (
				F2DDE4692BA13C9B00F26E66 /* ScrumdiggerUITests.swift in Sources */,
				F2DDE46B2BA13C9B00F26E66 /* ScrumdiggerUITestsLaunchTests.swift in Sources */,
			);
			runOnlyForDeploymentPostprocessing = 0;
		};
/* End PBXSourcesBuildPhase section */

/* Begin PBXTargetDependency section */
		F2DDE45C2BA13C9B00F26E66 /* PBXTargetDependency */ = {
			isa = PBXTargetDependency;
			target = F2DDE4492BA13C9900F26E66 /* Scrumdigger */;
			targetProxy = F2DDE45B2BA13C9B00F26E66 /* PBXContainerItemProxy */;
		};
		F2DDE4662BA13C9B00F26E66 /* PBXTargetDependency */ = {
			isa = PBXTargetDependency;
			target = F2DDE4492BA13C9900F26E66 /* Scrumdigger */;
			targetProxy = F2DDE4652BA13C9B00F26E66 /* PBXContainerItemProxy */;
		};
/* End PBXTargetDependency section */

/* Begin XCBuildConfiguration section */
		F2DDE46C2BA13C9B00F26E66 /* Debug */ = {
			isa = XCBuildConfiguration;
			buildSettings = {
				ALWAYS_SEARCH_USER_PATHS = NO;
				ASSETCATALOG_COMPILER_GENERATE_SWIFT_ASSET_SYMBOL_EXTENSIONS = YES;
				CLANG_ANALYZER_NONNULL = YES;
				CLANG_ANALYZER_NUMBER_OBJECT_CONVERSION = YES_AGGRESSIVE;
				CLANG_CXX_LANGUAGE_STANDARD = "gnu++20";
				CLANG_ENABLE_MODULES = YES;
				CLANG_ENABLE_OBJC_ARC = YES;
				CLANG_ENABLE_OBJC_WEAK = YES;
				CLANG_WARN_BLOCK_CAPTURE_AUTORELEASING = YES;
				CLANG_WARN_BOOL_CONVERSION = YES;
				CLANG_WARN_COMMA = YES;
				CLANG_WARN_CONSTANT_CONVERSION = YES;
				CLANG_WARN_DEPRECATED_OBJC_IMPLEMENTATIONS = YES;
				CLANG_WARN_DIRECT_OBJC_ISA_USAGE = YES_ERROR;
				CLANG_WARN_DOCUMENTATION_COMMENTS = YES;
				CLANG_WARN_EMPTY_BODY = YES;
				CLANG_WARN_ENUM_CONVERSION = YES;
				CLANG_WARN_INFINITE_RECURSION = YES;
				CLANG_WARN_INT_CONVERSION = YES;
				CLANG_WARN_NON_LITERAL_NULL_CONVERSION = YES;
				CLANG_WARN_OBJC_IMPLICIT_RETAIN_SELF = YES;
				CLANG_WARN_OBJC_LITERAL_CONVERSION = YES;
				CLANG_WARN_OBJC_ROOT_CLASS = YES_ERROR;
				CLANG_WARN_QUOTED_INCLUDE_IN_FRAMEWORK_HEADER = YES;
				CLANG_WARN_RANGE_LOOP_ANALYSIS = YES;
				CLANG_WARN_STRICT_PROTOTYPES = YES;
				CLANG_WARN_SUSPICIOUS_MOVE = YES;
				CLANG_WARN_UNGUARDED_AVAILABILITY = YES_AGGRESSIVE;
				CLANG_WARN_UNREACHABLE_CODE = YES;
				CLANG_WARN__DUPLICATE_METHOD_MATCH = YES;
				COPY_PHASE_STRIP = NO;
				DEBUG_INFORMATION_FORMAT = dwarf;
				ENABLE_STRICT_OBJC_MSGSEND = YES;
				ENABLE_TESTABILITY = YES;
				ENABLE_USER_SCRIPT_SANDBOXING = YES;
				GCC_C_LANGUAGE_STANDARD = gnu17;
				GCC_DYNAMIC_NO_PIC = NO;
				GCC_NO_COMMON_BLOCKS = YES;
				GCC_OPTIMIZATION_LEVEL = 0;
				GCC_PREPROCESSOR_DEFINITIONS = (
					"DEBUG=1",
					"$(inherited)",
				);
				GCC_WARN_64_TO_32_BIT_CONVERSION = YES;
				GCC_WARN_ABOUT_RETURN_TYPE = YES_ERROR;
				GCC_WARN_UNDECLARED_SELECTOR = YES;
				GCC_WARN_UNINITIALIZED_AUTOS = YES_AGGRESSIVE;
				GCC_WARN_UNUSED_FUNCTION = YES;
				GCC_WARN_UNUSED_VARIABLE = YES;
				IPHONEOS_DEPLOYMENT_TARGET = 17.2;
				LOCALIZATION_PREFERS_STRING_CATALOGS = YES;
				MTL_ENABLE_DEBUG_INFO = INCLUDE_SOURCE;
				MTL_FAST_MATH = YES;
				ONLY_ACTIVE_ARCH = YES;
				SDKROOT = iphoneos;
				SWIFT_ACTIVE_COMPILATION_CONDITIONS = "DEBUG $(inherited)";
				SWIFT_OPTIMIZATION_LEVEL = "-Onone";
			};
			name = Debug;
		};
		F2DDE46D2BA13C9B00F26E66 /* Release */ = {
			isa = XCBuildConfiguration;
			buildSettings = {
				ALWAYS_SEARCH_USER_PATHS = NO;
				ASSETCATALOG_COMPILER_GENERATE_SWIFT_ASSET_SYMBOL_EXTENSIONS = YES;
				CLANG_ANALYZER_NONNULL = YES;
				CLANG_ANALYZER_NUMBER_OBJECT_CONVERSION = YES_AGGRESSIVE;
				CLANG_CXX_LANGUAGE_STANDARD = "gnu++20";
				CLANG_ENABLE_MODULES = YES;
				CLANG_ENABLE_OBJC_ARC = YES;
				CLANG_ENABLE_OBJC_WEAK = YES;
				CLANG_WARN_BLOCK_CAPTURE_AUTORELEASING = YES;
				CLANG_WARN_BOOL_CONVERSION = YES;
				CLANG_WARN_COMMA = YES;
				CLANG_WARN_CONSTANT_CONVERSION = YES;
				CLANG_WARN_DEPRECATED_OBJC_IMPLEMENTATIONS = YES;
				CLANG_WARN_DIRECT_OBJC_ISA_USAGE = YES_ERROR;
				CLANG_WARN_DOCUMENTATION_COMMENTS = YES;
				CLANG_WARN_EMPTY_BODY = YES;
				CLANG_WARN_ENUM_CONVERSION = YES;
				CLANG_WARN_INFINITE_RECURSION = YES;
				CLANG_WARN_INT_CONVERSION = YES;
				CLANG_WARN_NON_LITERAL_NULL_CONVERSION = YES;
				CLANG_WARN_OBJC_IMPLICIT_RETAIN_SELF = YES;
				CLANG_WARN_OBJC_LITERAL_CONVERSION = YES;
				CLANG_WARN_OBJC_ROOT_CLASS = YES_ERROR;
				CLANG_WARN_QUOTED_INCLUDE_IN_FRAMEWORK_HEADER = YES;
				CLANG_WARN_RANGE_LOOP_ANALYSIS = YES;
				CLANG_WARN_STRICT_PROTOTYPES = YES;
				CLANG_WARN_SUSPICIOUS_MOVE = YES;
				CLANG_WARN_UNGUARDED_AVAILABILITY = YES_AGGRESSIVE;
				CLANG_WARN_UNREACHABLE_CODE = YES;
				CLANG_WARN__DUPLICATE_METHOD_MATCH = YES;
				COPY_PHASE_STRIP = NO;
				DEBUG_INFORMATION_FORMAT = "dwarf-with-dsym";
				ENABLE_NS_ASSERTIONS = NO;
				ENABLE_STRICT_OBJC_MSGSEND = YES;
				ENABLE_USER_SCRIPT_SANDBOXING = YES;
				GCC_C_LANGUAGE_STANDARD = gnu17;
				GCC_NO_COMMON_BLOCKS = YES;
				GCC_WARN_64_TO_32_BIT_CONVERSION = YES;
				GCC_WARN_ABOUT_RETURN_TYPE = YES_ERROR;
				GCC_WARN_UNDECLARED_SELECTOR = YES;
				GCC_WARN_UNINITIALIZED_AUTOS = YES_AGGRESSIVE;
				GCC_WARN_UNUSED_FUNCTION = YES;
				GCC_WARN_UNUSED_VARIABLE = YES;
				IPHONEOS_DEPLOYMENT_TARGET = 17.2;
				LOCALIZATION_PREFERS_STRING_CATALOGS = YES;
				MTL_ENABLE_DEBUG_INFO = NO;
				MTL_FAST_MATH = YES;
				SDKROOT = iphoneos;
				SWIFT_COMPILATION_MODE = wholemodule;
				VALIDATE_PRODUCT = YES;
			};
			name = Release;
		};
		F2DDE46F2BA13C9B00F26E66 /* Debug */ = {
			isa = XCBuildConfiguration;
			buildSettings = {
				ASSETCATALOG_COMPILER_APPICON_NAME = AppIcon;
				ASSETCATALOG_COMPILER_GLOBAL_ACCENT_COLOR_NAME = AccentColor;
				CODE_SIGN_STYLE = Automatic;
				CURRENT_PROJECT_VERSION = 1;
				DEVELOPMENT_ASSET_PATHS = "\"Scrumdigger/Preview Content\"";
				DEVELOPMENT_TEAM = 5THBK4TBJK;
				ENABLE_PREVIEWS = YES;
				GENERATE_INFOPLIST_FILE = YES;
				INFOPLIST_KEY_UIApplicationSceneManifest_Generation = YES;
				INFOPLIST_KEY_UIApplicationSupportsIndirectInputEvents = YES;
				INFOPLIST_KEY_UILaunchScreen_Generation = YES;
				INFOPLIST_KEY_UISupportedInterfaceOrientations_iPad = "UIInterfaceOrientationPortrait UIInterfaceOrientationPortraitUpsideDown UIInterfaceOrientationLandscapeLeft UIInterfaceOrientationLandscapeRight";
				INFOPLIST_KEY_UISupportedInterfaceOrientations_iPhone = "UIInterfaceOrientationPortrait UIInterfaceOrientationLandscapeLeft UIInterfaceOrientationLandscapeRight";
				LD_RUNPATH_SEARCH_PATHS = (
					"$(inherited)",
					"@executable_path/Frameworks",
				);
				MARKETING_VERSION = 1.0;
				PRODUCT_BUNDLE_IDENTIFIER = MauiDesign.Scrumdigger;
				PRODUCT_NAME = "$(TARGET_NAME)";
				SWIFT_EMIT_LOC_STRINGS = YES;
				SWIFT_VERSION = 5.0;
				TARGETED_DEVICE_FAMILY = "1,2";
			};
			name = Debug;
		};
		F2DDE4702BA13C9B00F26E66 /* Release */ = {
			isa = XCBuildConfiguration;
			buildSettings = {
				ASSETCATALOG_COMPILER_APPICON_NAME = AppIcon;
				ASSETCATALOG_COMPILER_GLOBAL_ACCENT_COLOR_NAME = AccentColor;
				CODE_SIGN_STYLE = Automatic;
				CURRENT_PROJECT_VERSION = 1;
				DEVELOPMENT_ASSET_PATHS = "\"Scrumdigger/Preview Content\"";
				DEVELOPMENT_TEAM = 5THBK4TBJK;
				ENABLE_PREVIEWS = YES;
				GENERATE_INFOPLIST_FILE = YES;
				INFOPLIST_KEY_UIApplicationSceneManifest_Generation = YES;
				INFOPLIST_KEY_UIApplicationSupportsIndirectInputEvents = YES;
				INFOPLIST_KEY_UILaunchScreen_Generation = YES;
				INFOPLIST_KEY_UISupportedInterfaceOrientations_iPad = "UIInterfaceOrientationPortrait UIInterfaceOrientationPortraitUpsideDown UIInterfaceOrientationLandscapeLeft UIInterfaceOrientationLandscapeRight";
				INFOPLIST_KEY_UISupportedInterfaceOrientations_iPhone = "UIInterfaceOrientationPortrait UIInterfaceOrientationLandscapeLeft UIInterfaceOrientationLandscapeRight";
				LD_RUNPATH_SEARCH_PATHS = (
					"$(inherited)",
					"@executable_path/Frameworks",
				);
				MARKETING_VERSION = 1.0;
				PRODUCT_BUNDLE_IDENTIFIER = MauiDesign.Scrumdigger;
				PRODUCT_NAME = "$(TARGET_NAME)";
				SWIFT_EMIT_LOC_STRINGS = YES;
				SWIFT_VERSION = 5.0;
				TARGETED_DEVICE_FAMILY = "1,2";
			};
			name = Release;
		};
		F2DDE4722BA13C9B00F26E66 /* Debug */ = {
			isa = XCBuildConfiguration;
			buildSettings = {
				ALWAYS_EMBED_SWIFT_STANDARD_LIBRARIES = YES;
				BUNDLE_LOADER = "$(TEST_HOST)";
				CODE_SIGN_STYLE = Automatic;
				CURRENT_PROJECT_VERSION = 1;
				DEVELOPMENT_TEAM = 5THBK4TBJK;
				GENERATE_INFOPLIST_FILE = YES;
				IPHONEOS_DEPLOYMENT_TARGET = 17.2;
				MARKETING_VERSION = 1.0;
				PRODUCT_BUNDLE_IDENTIFIER = MauiDesign.ScrumdiggerTests;
				PRODUCT_NAME = "$(TARGET_NAME)";
				SWIFT_EMIT_LOC_STRINGS = NO;
				SWIFT_VERSION = 5.0;
				TARGETED_DEVICE_FAMILY = "1,2";
				TEST_HOST = "$(BUILT_PRODUCTS_DIR)/Scrumdigger.app/$(BUNDLE_EXECUTABLE_FOLDER_PATH)/Scrumdigger";
			};
			name = Debug;
		};
		F2DDE4732BA13C9B00F26E66 /* Release */ = {
			isa = XCBuildConfiguration;
			buildSettings = {
				ALWAYS_EMBED_SWIFT_STANDARD_LIBRARIES = YES;
				BUNDLE_LOADER = "$(TEST_HOST)";
				CODE_SIGN_STYLE = Automatic;
				CURRENT_PROJECT_VERSION = 1;
				DEVELOPMENT_TEAM = 5THBK4TBJK;
				GENERATE_INFOPLIST_FILE = YES;
				IPHONEOS_DEPLOYMENT_TARGET = 17.2;
				MARKETING_VERSION = 1.0;
				PRODUCT_BUNDLE_IDENTIFIER = MauiDesign.ScrumdiggerTests;
				PRODUCT_NAME = "$(TARGET_NAME)";
				SWIFT_EMIT_LOC_STRINGS = NO;
				SWIFT_VERSION = 5.0;
				TARGETED_DEVICE_FAMILY = "1,2";
				TEST_HOST = "$(BUILT_PRODUCTS_DIR)/Scrumdigger.app/$(BUNDLE_EXECUTABLE_FOLDER_PATH)/Scrumdigger";
			};
			name = Release;
		};
		F2DDE4752BA13C9B00F26E66 /* Debug */ = {
			isa = XCBuildConfiguration;
			buildSettings = {
				ALWAYS_EMBED_SWIFT_STANDARD_LIBRARIES = YES;
				CODE_SIGN_STYLE = Automatic;
				CURRENT_PROJECT_VERSION = 1;
				DEVELOPMENT_TEAM = 5THBK4TBJK;
				GENERATE_INFOPLIST_FILE = YES;
				MARKETING_VERSION = 1.0;
				PRODUCT_BUNDLE_IDENTIFIER = MauiDesign.ScrumdiggerUITests;
				PRODUCT_NAME = "$(TARGET_NAME)";
				SWIFT_EMIT_LOC_STRINGS = NO;
				SWIFT_VERSION = 5.0;
				TARGETED_DEVICE_FAMILY = "1,2";
				TEST_TARGET_NAME = Scrumdigger;
			};
			name = Debug;
		};
		F2DDE4762BA13C9B00F26E66 /* Release */ = {
			isa = XCBuildConfiguration;
			buildSettings = {
				ALWAYS_EMBED_SWIFT_STANDARD_LIBRARIES = YES;
				CODE_SIGN_STYLE = Automatic;
				CURRENT_PROJECT_VERSION = 1;
				DEVELOPMENT_TEAM = 5THBK4TBJK;
				GENERATE_INFOPLIST_FILE = YES;
				MARKETING_VERSION = 1.0;
				PRODUCT_BUNDLE_IDENTIFIER = MauiDesign.ScrumdiggerUITests;
				PRODUCT_NAME = "$(TARGET_NAME)";
				SWIFT_EMIT_LOC_STRINGS = NO;
				SWIFT_VERSION = 5.0;
				TARGETED_DEVICE_FAMILY = "1,2";
				TEST_TARGET_NAME = Scrumdigger;
			};
			name = Release;
		};
/* End XCBuildConfiguration section */

/* Begin XCConfigurationList section */
		F2DDE4452BA13C9900F26E66 /* Build configuration list for PBXProject "Scrumdigger" */ = {
			isa = XCConfigurationList;
			buildConfigurations = (
				F2DDE46C2BA13C9B00F26E66 /* Debug */,
				F2DDE46D2BA13C9B00F26E66 /* Release */,
			);
			defaultConfigurationIsVisible = 0;
			defaultConfigurationName = Release;
		};
		F2DDE46E2BA13C9B00F26E66 /* Build configuration list for PBXNativeTarget "Scrumdigger" */ = {
			isa = XCConfigurationList;
			buildConfigurations = (
				F2DDE46F2BA13C9B00F26E66 /* Debug */,
				F2DDE4702BA13C9B00F26E66 /* Release */,
			);
			defaultConfigurationIsVisible = 0;
			defaultConfigurationName = Release;
		};
		F2DDE4712BA13C9B00F26E66 /* Build configuration list for PBXNativeTarget "ScrumdiggerTests" */ = {
			isa = XCConfigurationList;
			buildConfigurations = (
				F2DDE4722BA13C9B00F26E66 /* Debug */,
				F2DDE4732BA13C9B00F26E66 /* Release */,
			);
			defaultConfigurationIsVisible = 0;
			defaultConfigurationName = Release;
		};
		F2DDE4742BA13C9B00F26E66 /* Build configuration list for PBXNativeTarget "ScrumdiggerUITests" */ = {
			isa = XCConfigurationList;
			buildConfigurations = (
				F2DDE4752BA13C9B00F26E66 /* Debug */,
				F2DDE4762BA13C9B00F26E66 /* Release */,
			);
			defaultConfigurationIsVisible = 0;
			defaultConfigurationName = Release;
		};
/* End XCConfigurationList section */
	};
	rootObject = F2DDE4422BA13C9900F26E66 /* Project object */;
}
